<?xml version="1.0" encoding="utf-8"?>
<Project ToolsVersion="4.0" xmlns="http://schemas.microsoft.com/developer/msbuild/2003">
  <ItemGroup>
    <Filter Include="Source Files">
      <UniqueIdentifier>{4FC737F1-C7A5-4376-A066-2A32D752A2FF}</UniqueIdentifier>
      <Extensions>cpp;c;cc;cxx;def;odl;idl;hpj;bat;asm;asmx</Extensions>
    </Filter>
    <Filter Include="Header Files">
      <UniqueIdentifier>{93995380-89BD-4b04-88EB-625FBE52EBFB}</UniqueIdentifier>
      <Extensions>h;hh;hpp;hxx;hm;inl;inc;xsd</Extensions>
    </Filter>
    <Filter Include="Resource Files">
      <UniqueIdentifier>{67DA6AB6-F800-4c08-8B7A-83BB121AAD01}</UniqueIdentifier>
      <Extensions>rc;ico;cur;bmp;dlg;rc2;rct;bin;rgs;gif;jpg;jpeg;jpe;resx;tiff;tif;png;wav;mfcribbon-ms</Extensions>
    </Filter>
  </ItemGroup>
  <ItemGroup>
    <ClCompile Include="Main.cpp">
      <Filter>Source Files</Filter>
    </ClCompile>
    <ClCompile Include="Walec.cpp">
      <Filter>Source Files</Filter>
    </ClCompile>
    <ClCompile Include="Prostopadloscian.cpp">
      <Filter>Source Files</Filter>
    </ClCompile>
    <ClCompile Include="Ostroslup.cpp">
      <Filter>Source Files</Filter>
    </ClCompile>
    <ClCompile Include="prostoTrojkat.cpp">
      <Filter>Source Files</Filter>
    </ClCompile>
    <ClCompile Include="kula.cpp">
      <Filter>Source Files</Filter>
    </ClCompile>
    <ClCompile Include="stozek.cpp">
      <Filter>Source Files</Filter>
    </ClCompile>
    <ClCompile Include="smiglo.cpp">
      <Filter>Source Files</Filter>
    </ClCompile>
    <ClCompile Include="pierscien.cpp">
      <Filter>Source Files</Filter>
    </ClCompile>
    <ClCompile Include="trapez.cpp">
      <Filter>Source Files</Filter>
    </ClCompile>
    <ClCompile Include="kamerka.cpp">
      <Filter>Source Files</Filter>
    </ClCompile>
    <ClCompile Include="Nogi.cpp">
      <Filter>Source Files</Filter>
    </ClCompile>
    <ClCompile Include="Tlow.cpp">
      <Filter>Source Files</Filter>
    </ClCompile>
    <ClCompile Include="dron.cpp">
      <Filter>Source Files</Filter>
    </ClCompile>
    <ClCompile Include="glm.cpp">
      <Filter>Source Files</Filter>
    </ClCompile>
    <ClCompile Include="glmimg.cpp">
      <Filter>Source Files</Filter>
    </ClCompile>
    <ClCompile Include="Texture.cpp">
      <Filter>Source Files</Filter>
    </ClCompile>
    <ClCompile Include="systemDron.cpp">
      <Filter>Source Files</Filter>
    </ClCompile>
  </ItemGroup>
  <ItemGroup>
    <ClInclude Include="Walec.h">
      <Filter>Header Files</Filter>
    </ClInclude>
    <ClInclude Include="Prostopadloscian.h">
      <Filter>Header Files</Filter>
    </ClInclude>
    <ClInclude Include="Ostroslup.h">
      <Filter>Header Files</Filter>
    </ClInclude>
    <ClInclude Include="prostoTrojkat.h">
      <Filter>Header Files</Filter>
    </ClInclude>
    <ClInclude Include="kula.h">
      <Filter>Header Files</Filter>
    </ClInclude>
    <ClInclude Include="stozek.h">
      <Filter>Header Files</Filter>
    </ClInclude>
    <ClInclude Include="smiglo.h">
      <Filter>Header Files</Filter>
    </ClInclude>
    <ClInclude Include="pierscien.h">
      <Filter>Header Files</Filter>
    </ClInclude>
    <ClInclude Include="trapez.h">
      <Filter>Header Files</Filter>
    </ClInclude>
    <ClInclude Include="kamerka.h">
      <Filter>Header Files</Filter>
    </ClInclude>
    <ClInclude Include="Nogi.h">
      <Filter>Header Files</Filter>
    </ClInclude>
    <ClInclude Include="Tlow.h">
      <Filter>Header Files</Filter>
    </ClInclude>
    <ClInclude Include="dron.h">
      <Filter>Header Files</Filter>
    </ClInclude>
    <ClInclude Include="glm.h">
      <Filter>Header Files</Filter>
    </ClInclude>
    <ClInclude Include="Texture.h">
      <Filter>Header Files</Filter>
    </ClInclude>
    <ClInclude Include="glut.h">
      <Filter>Header Files</Filter>
    </ClInclude>
    <ClInclude Include="systemDron.h">
      <Filter>Header Files</Filter>
    </ClInclude>
  </ItemGroup>
</Project>